using static System.Net.Mime.MediaTypeNames;

public interface IMensajes
{
    string getDescripcionMensaje();
    string getEncriptarMensaje();
    string getComprimirMensaje();
    string getFirmarMensaje();
}
public class MensajeBase : IMensajes
{
    public string getDescripcionMensaje() 
    {
        return "Aqui va Un Mensaje";
    }
    public string getEncriptarMensaje()
    {
        return "Aqui va Un Mensaje Encriptado";
    }
    public string getComprimirMensaje()
    {
        return "Aqui va Un Mensaje Comprimido";
    }
    public string getFirmarMensaje()
    {
        return "Aqui va Un Mensaje Firmado";
    }

}
public abstract class mensaje : IMensajes
{
    protected IMensajes mensajess;

    public mensaje(IMensajes msj)
    {
        this.mensajess = msj;
    }
    public virtual string getDescripcionMensaje()
    {
        return mensajess.getDescripcionMensaje();
    }
    public virtual string getEncriptarMensaje()
    {
        return mensajess.getEncriptarMensaje();
    }
    public virtual string getComprimirMensaje()
    {
        return mensajess.getComprimirMensaje();
    }
    public virtual string getFirmarMensaje()
    {
        return mensajess.getFirmarMensaje();
    }
}
public class EncriptarMensaje : mensaje
{
    public EncriptarMensaje(IMensajes msj) : base(msj) { }
    public override string getDescripcionMensaje()
    {
        return base.getDescripcionMensaje();
    }
}
public class ComprimirMensaje : mensaje
{
    public ComprimirMensaje(IMensajes msj) : base(msj) { }
    public override string getDescripcionMensaje()
    {
        return base.getDescripcionMensaje();
    }
}
public class FirmarMensaje: mensaje
{
    public FirmarMensaje(IMensajes msj) : base(msj) { }
    public override string getDescripcionMensaje()
    {
        return base.getDescripcionMensaje();
    }
}

class program
{
    public static void Main(string[] args)
    {
        IMensajes msj = new MensajeBase();
        Console.WriteLine("Mensaje"); 

        msj = new EncriptarMensaje(msj);
        Console.WriteLine(msj.getEncriptarMensaje());

        msj = new ComprimirMensaje(msj);
        Console.WriteLine(msj.getComprimirMensaje());

        msj = new FirmarMensaje(msj);
        Console.WriteLine(msj.getFirmarMensaje());
    }
}
